// !$*UTF8*$!
{
	archiveVersion = 1;
	classes = {
	};
	objectVersion = 50;
	objects = {

/* Begin PBXBuildFile section */
		4EC3FC759176A67FCB7B01C0 /* libPods-IbtikarProject.a in Frameworks */ = {isa = PBXBuildFile; fileRef = CF7EDE793A34D73D12DD145D /* libPods-IbtikarProject.a */; };
		840B5BAA231E848100EF440C /* avatar.png in Resources */ = {isa = PBXBuildFile; fileRef = 840B5BA9231E848000EF440C /* avatar.png */; };
		842CE273231E9F250049E48A /* DetailsScreenView.swift in Sources */ = {isa = PBXBuildFile; fileRef = 842CE272231E9F250049E48A /* DetailsScreenView.swift */; };
		84D11CAD231D181F00A1FE88 /* AppDelegate.swift in Sources */ = {isa = PBXBuildFile; fileRef = 84D11CAC231D181F00A1FE88 /* AppDelegate.swift */; };
		84D11CB2231D181F00A1FE88 /* Main.storyboard in Resources */ = {isa = PBXBuildFile; fileRef = 84D11CB0231D181F00A1FE88 /* Main.storyboard */; };
		84D11CB4231D182C00A1FE88 /* Assets.xcassets in Resources */ = {isa = PBXBuildFile; fileRef = 84D11CB3231D182C00A1FE88 /* Assets.xcassets */; };
		84D11CB7231D182C00A1FE88 /* LaunchScreen.storyboard in Resources */ = {isa = PBXBuildFile; fileRef = 84D11CB5231D182C00A1FE88 /* LaunchScreen.storyboard */; };
		84D11CC2231D182C00A1FE88 /* IbtikarProjectTests.swift in Sources */ = {isa = PBXBuildFile; fileRef = 84D11CC1231D182C00A1FE88 /* IbtikarProjectTests.swift */; };
		84D11CCD231D182C00A1FE88 /* IbtikarProjectUITests.swift in Sources */ = {isa = PBXBuildFile; fileRef = 84D11CCC231D182C00A1FE88 /* IbtikarProjectUITests.swift */; };
		84D11CDB231D1E3B00A1FE88 /* HomeScreenView.swift in Sources */ = {isa = PBXBuildFile; fileRef = 84D11CDA231D1E3B00A1FE88 /* HomeScreenView.swift */; };
		9CC391028BE13AA73E206A40 /* libPods-IbtikarProjectUITests.a in Frameworks */ = {isa = PBXBuildFile; fileRef = A0CCC6FC40A6E384B0E71A08 /* libPods-IbtikarProjectUITests.a */; };
		BF6A5EF379A2B062C496D826 /* libPods-IbtikarProjectTests.a in Frameworks */ = {isa = PBXBuildFile; fileRef = ED796F7ECFCDD7B524E23D39 /* libPods-IbtikarProjectTests.a */; };
		CE06C14F23322A8600A72B8C /* SubCell.swift in Sources */ = {isa = PBXBuildFile; fileRef = CE06C14E23322A8600A72B8C /* SubCell.swift */; };
		CE06C15123322A9F00A72B8C /* MainCell.swift in Sources */ = {isa = PBXBuildFile; fileRef = CE06C15023322A9F00A72B8C /* MainCell.swift */; };
		CE0730B22338FE2600FBDC56 /* actorData.json in Resources */ = {isa = PBXBuildFile; fileRef = CE0730B12338FE2600FBDC56 /* actorData.json */; };
		CE0D466C2331318900772E84 /* HomeScreenCell.swift in Sources */ = {isa = PBXBuildFile; fileRef = CE0D466B2331318900772E84 /* HomeScreenCell.swift */; };
		CE158C11232F81A6008E2047 /* HomeScreenPresenter.swift in Sources */ = {isa = PBXBuildFile; fileRef = CE158C10232F81A6008E2047 /* HomeScreenPresenter.swift */; };
		CE158C13232F81B7008E2047 /* HomeScreenContract.swift in Sources */ = {isa = PBXBuildFile; fileRef = CE158C12232F81B7008E2047 /* HomeScreenContract.swift */; };
		CE1AFB1D23532E52003D0170 /* UploaedImageViewController.swift in Sources */ = {isa = PBXBuildFile; fileRef = CE1AFB1C23532E52003D0170 /* UploaedImageViewController.swift */; };
		CE209824232E7E0200748635 /* DetailsScreenModel.swift in Sources */ = {isa = PBXBuildFile; fileRef = CE209823232E7E0200748635 /* DetailsScreenModel.swift */; };
		CE2704AA234F37EA00D40155 /* ActorProfile.swift in Sources */ = {isa = PBXBuildFile; fileRef = CE2704A9234F37EA00D40155 /* ActorProfile.swift */; };
		CE2D18F8233B767A00375B07 /* HomeScreenModelTest.swift in Sources */ = {isa = PBXBuildFile; fileRef = CE2D18F7233B767A00375B07 /* HomeScreenModelTest.swift */; };
		CE7141812327FEF7004D3A46 /* HomeScreenModel.swift in Sources */ = {isa = PBXBuildFile; fileRef = CE7141802327FEF7004D3A46 /* HomeScreenModel.swift */; };
		CE9CD882232FC07400BA7BCA /* DetailsScreenPresenter.swift in Sources */ = {isa = PBXBuildFile; fileRef = CE9CD881232FC07400BA7BCA /* DetailsScreenPresenter.swift */; };
		CE9CD884232FC08300BA7BCA /* DetailsScreenContract.swift in Sources */ = {isa = PBXBuildFile; fileRef = CE9CD883232FC08300BA7BCA /* DetailsScreenContract.swift */; };
		CE9CD88A232FFD1C00BA7BCA /* ShowImageScreenView.swift in Sources */ = {isa = PBXBuildFile; fileRef = CE9CD889232FFD1C00BA7BCA /* ShowImageScreenView.swift */; };
		CE9CD88E232FFD9F00BA7BCA /* ShowImageScreenModel.swift in Sources */ = {isa = PBXBuildFile; fileRef = CE9CD88D232FFD9F00BA7BCA /* ShowImageScreenModel.swift */; };
		CE9CD890232FFDF000BA7BCA /* ShowImageScreenPresenter.swift in Sources */ = {isa = PBXBuildFile; fileRef = CE9CD88F232FFDF000BA7BCA /* ShowImageScreenPresenter.swift */; };
		CE9CD892232FFDFE00BA7BCA /* ShowImageScreenContract.swift in Sources */ = {isa = PBXBuildFile; fileRef = CE9CD891232FFDFE00BA7BCA /* ShowImageScreenContract.swift */; };
		CEF2A52D234E014800E2A089 /* Default-568h@2x.png in Resources */ = {isa = PBXBuildFile; fileRef = CEF2A52C234E014800E2A089 /* Default-568h@2x.png */; };
		CEF2A52F234E0B1A00E2A089 /* DetailsTarget.swift in Sources */ = {isa = PBXBuildFile; fileRef = CEF2A52E234E0B1A00E2A089 /* DetailsTarget.swift */; };
		CEF2A531234E250000E2A089 /* Actor.swift in Sources */ = {isa = PBXBuildFile; fileRef = CEF2A530234E250000E2A089 /* Actor.swift */; };
/* End PBXBuildFile section */

/* Begin PBXContainerItemProxy section */
		84D11CBE231D182C00A1FE88 /* PBXContainerItemProxy */ = {
			isa = PBXContainerItemProxy;
			containerPortal = 84D11CA1231D181F00A1FE88 /* Project object */;
			proxyType = 1;
			remoteGlobalIDString = 84D11CA8231D181F00A1FE88;
			remoteInfo = IbtikarProject;
		};
		84D11CC9231D182C00A1FE88 /* PBXContainerItemProxy */ = {
			isa = PBXContainerItemProxy;
			containerPortal = 84D11CA1231D181F00A1FE88 /* Project object */;
			proxyType = 1;
			remoteGlobalIDString = 84D11CA8231D181F00A1FE88;
			remoteInfo = IbtikarProject;
		};
/* End PBXContainerItemProxy section */

/* Begin PBXFileReference section */
		09F52CFC070E2257EBEB98D7 /* Pods-IbtikarProject.release.xcconfig */ = {isa = PBXFileReference; includeInIndex = 1; lastKnownFileType = text.xcconfig; name = "Pods-IbtikarProject.release.xcconfig"; path = "Target Support Files/Pods-IbtikarProject/Pods-IbtikarProject.release.xcconfig"; sourceTree = "<group>"; };
		3D17176C3349792A2179ABB3 /* Pods-IbtikarProjectUITests.debug.xcconfig */ = {isa = PBXFileReference; includeInIndex = 1; lastKnownFileType = text.xcconfig; name = "Pods-IbtikarProjectUITests.debug.xcconfig"; path = "Target Support Files/Pods-IbtikarProjectUITests/Pods-IbtikarProjectUITests.debug.xcconfig"; sourceTree = "<group>"; };
		69F5A0D88BCED3A79F411264 /* Pods-IbtikarProjectTests.debug.xcconfig */ = {isa = PBXFileReference; includeInIndex = 1; lastKnownFileType = text.xcconfig; name = "Pods-IbtikarProjectTests.debug.xcconfig"; path = "Target Support Files/Pods-IbtikarProjectTests/Pods-IbtikarProjectTests.debug.xcconfig"; sourceTree = "<group>"; };
		840B5BA9231E848000EF440C /* avatar.png */ = {isa = PBXFileReference; lastKnownFileType = image.png; path = avatar.png; sourceTree = "<group>"; };
		842CE272231E9F250049E48A /* DetailsScreenView.swift */ = {isa = PBXFileReference; lastKnownFileType = sourcecode.swift; path = DetailsScreenView.swift; sourceTree = "<group>"; };
		84D11CA9231D181F00A1FE88 /* IbtikarProject.app */ = {isa = PBXFileReference; explicitFileType = wrapper.application; includeInIndex = 0; path = IbtikarProject.app; sourceTree = BUILT_PRODUCTS_DIR; };
		84D11CAC231D181F00A1FE88 /* AppDelegate.swift */ = {isa = PBXFileReference; lastKnownFileType = sourcecode.swift; path = AppDelegate.swift; sourceTree = "<group>"; };
		84D11CB1231D181F00A1FE88 /* Base */ = {isa = PBXFileReference; lastKnownFileType = file.storyboard; name = Base; path = Base.lproj/Main.storyboard; sourceTree = "<group>"; };
		84D11CB3231D182C00A1FE88 /* Assets.xcassets */ = {isa = PBXFileReference; lastKnownFileType = folder.assetcatalog; path = Assets.xcassets; sourceTree = "<group>"; };
		84D11CB6231D182C00A1FE88 /* Base */ = {isa = PBXFileReference; lastKnownFileType = file.storyboard; name = Base; path = Base.lproj/LaunchScreen.storyboard; sourceTree = "<group>"; };
		84D11CB8231D182C00A1FE88 /* Info.plist */ = {isa = PBXFileReference; lastKnownFileType = text.plist.xml; path = Info.plist; sourceTree = "<group>"; };
		84D11CBD231D182C00A1FE88 /* IbtikarProjectTests.xctest */ = {isa = PBXFileReference; explicitFileType = wrapper.cfbundle; includeInIndex = 0; path = IbtikarProjectTests.xctest; sourceTree = BUILT_PRODUCTS_DIR; };
		84D11CC1231D182C00A1FE88 /* IbtikarProjectTests.swift */ = {isa = PBXFileReference; lastKnownFileType = sourcecode.swift; path = IbtikarProjectTests.swift; sourceTree = "<group>"; };
		84D11CC3231D182C00A1FE88 /* Info.plist */ = {isa = PBXFileReference; lastKnownFileType = text.plist.xml; path = Info.plist; sourceTree = "<group>"; };
		84D11CC8231D182C00A1FE88 /* IbtikarProjectUITests.xctest */ = {isa = PBXFileReference; explicitFileType = wrapper.cfbundle; includeInIndex = 0; path = IbtikarProjectUITests.xctest; sourceTree = BUILT_PRODUCTS_DIR; };
		84D11CCC231D182C00A1FE88 /* IbtikarProjectUITests.swift */ = {isa = PBXFileReference; lastKnownFileType = sourcecode.swift; path = IbtikarProjectUITests.swift; sourceTree = "<group>"; };
		84D11CCE231D182C00A1FE88 /* Info.plist */ = {isa = PBXFileReference; lastKnownFileType = text.plist.xml; path = Info.plist; sourceTree = "<group>"; };
		84D11CDA231D1E3B00A1FE88 /* HomeScreenView.swift */ = {isa = PBXFileReference; indentWidth = 6; lastKnownFileType = sourcecode.swift; path = HomeScreenView.swift; sourceTree = "<group>"; tabWidth = 17; };
		953812C6019074F8A882B4AF /* Pods-IbtikarProject.debug.xcconfig */ = {isa = PBXFileReference; includeInIndex = 1; lastKnownFileType = text.xcconfig; name = "Pods-IbtikarProject.debug.xcconfig"; path = "Target Support Files/Pods-IbtikarProject/Pods-IbtikarProject.debug.xcconfig"; sourceTree = "<group>"; };
		A0CCC6FC40A6E384B0E71A08 /* libPods-IbtikarProjectUITests.a */ = {isa = PBXFileReference; explicitFileType = archive.ar; includeInIndex = 0; path = "libPods-IbtikarProjectUITests.a"; sourceTree = BUILT_PRODUCTS_DIR; };
		CE06C14E23322A8600A72B8C /* SubCell.swift */ = {isa = PBXFileReference; lastKnownFileType = sourcecode.swift; path = SubCell.swift; sourceTree = "<group>"; };
		CE06C15023322A9F00A72B8C /* MainCell.swift */ = {isa = PBXFileReference; lastKnownFileType = sourcecode.swift; path = MainCell.swift; sourceTree = "<group>"; };
		CE0730B12338FE2600FBDC56 /* actorData.json */ = {isa = PBXFileReference; fileEncoding = 4; lastKnownFileType = text.json; path = actorData.json; sourceTree = "<group>"; };
		CE0D466B2331318900772E84 /* HomeScreenCell.swift */ = {isa = PBXFileReference; lastKnownFileType = sourcecode.swift; path = HomeScreenCell.swift; sourceTree = "<group>"; };
		CE158C10232F81A6008E2047 /* HomeScreenPresenter.swift */ = {isa = PBXFileReference; lastKnownFileType = sourcecode.swift; path = HomeScreenPresenter.swift; sourceTree = "<group>"; };
		CE158C12232F81B7008E2047 /* HomeScreenContract.swift */ = {isa = PBXFileReference; lastKnownFileType = sourcecode.swift; path = HomeScreenContract.swift; sourceTree = "<group>"; };
		CE1AFB1C23532E52003D0170 /* UploaedImageViewController.swift */ = {isa = PBXFileReference; lastKnownFileType = sourcecode.swift; path = UploaedImageViewController.swift; sourceTree = "<group>"; };
		CE209823232E7E0200748635 /* DetailsScreenModel.swift */ = {isa = PBXFileReference; lastKnownFileType = sourcecode.swift; path = DetailsScreenModel.swift; sourceTree = "<group>"; };
		CE2704A9234F37EA00D40155 /* ActorProfile.swift */ = {isa = PBXFileReference; lastKnownFileType = sourcecode.swift; path = ActorProfile.swift; sourceTree = "<group>"; };
		CE2D18F7233B767A00375B07 /* HomeScreenModelTest.swift */ = {isa = PBXFileReference; lastKnownFileType = sourcecode.swift; path = HomeScreenModelTest.swift; sourceTree = "<group>"; };
		CE7141802327FEF7004D3A46 /* HomeScreenModel.swift */ = {isa = PBXFileReference; lastKnownFileType = sourcecode.swift; path = HomeScreenModel.swift; sourceTree = "<group>"; };
		CE9CD881232FC07400BA7BCA /* DetailsScreenPresenter.swift */ = {isa = PBXFileReference; lastKnownFileType = sourcecode.swift; path = DetailsScreenPresenter.swift; sourceTree = "<group>"; };
		CE9CD883232FC08300BA7BCA /* DetailsScreenContract.swift */ = {isa = PBXFileReference; lastKnownFileType = sourcecode.swift; path = DetailsScreenContract.swift; sourceTree = "<group>"; };
		CE9CD889232FFD1C00BA7BCA /* ShowImageScreenView.swift */ = {isa = PBXFileReference; lastKnownFileType = sourcecode.swift; path = ShowImageScreenView.swift; sourceTree = "<group>"; };
		CE9CD88D232FFD9F00BA7BCA /* ShowImageScreenModel.swift */ = {isa = PBXFileReference; lastKnownFileType = sourcecode.swift; path = ShowImageScreenModel.swift; sourceTree = "<group>"; };
		CE9CD88F232FFDF000BA7BCA /* ShowImageScreenPresenter.swift */ = {isa = PBXFileReference; lastKnownFileType = sourcecode.swift; path = ShowImageScreenPresenter.swift; sourceTree = "<group>"; };
		CE9CD891232FFDFE00BA7BCA /* ShowImageScreenContract.swift */ = {isa = PBXFileReference; lastKnownFileType = sourcecode.swift; path = ShowImageScreenContract.swift; sourceTree = "<group>"; };
		CEF2A52C234E014800E2A089 /* Default-568h@2x.png */ = {isa = PBXFileReference; lastKnownFileType = image.png; path = "Default-568h@2x.png"; sourceTree = "<group>"; };
		CEF2A52E234E0B1A00E2A089 /* DetailsTarget.swift */ = {isa = PBXFileReference; lastKnownFileType = sourcecode.swift; path = DetailsTarget.swift; sourceTree = "<group>"; };
		CEF2A530234E250000E2A089 /* Actor.swift */ = {isa = PBXFileReference; lastKnownFileType = sourcecode.swift; path = Actor.swift; sourceTree = "<group>"; };
		CF7EDE793A34D73D12DD145D /* libPods-IbtikarProject.a */ = {isa = PBXFileReference; explicitFileType = archive.ar; includeInIndex = 0; path = "libPods-IbtikarProject.a"; sourceTree = BUILT_PRODUCTS_DIR; };
		E30804B3F0BF172115F3CB0C /* Pods-IbtikarProjectUITests.release.xcconfig */ = {isa = PBXFileReference; includeInIndex = 1; lastKnownFileType = text.xcconfig; name = "Pods-IbtikarProjectUITests.release.xcconfig"; path = "Target Support Files/Pods-IbtikarProjectUITests/Pods-IbtikarProjectUITests.release.xcconfig"; sourceTree = "<group>"; };
		EBD6E3896928BAAFDF018953 /* Pods-IbtikarProjectTests.release.xcconfig */ = {isa = PBXFileReference; includeInIndex = 1; lastKnownFileType = text.xcconfig; name = "Pods-IbtikarProjectTests.release.xcconfig"; path = "Target Support Files/Pods-IbtikarProjectTests/Pods-IbtikarProjectTests.release.xcconfig"; sourceTree = "<group>"; };
		ED796F7ECFCDD7B524E23D39 /* libPods-IbtikarProjectTests.a */ = {isa = PBXFileReference; explicitFileType = archive.ar; includeInIndex = 0; path = "libPods-IbtikarProjectTests.a"; sourceTree = BUILT_PRODUCTS_DIR; };
/* End PBXFileReference section */

/* Begin PBXFrameworksBuildPhase section */
		84D11CA6231D181F00A1FE88 /* Frameworks */ = {
			isa = PBXFrameworksBuildPhase;
			buildActionMask = 2147483647;
			files = (
				4EC3FC759176A67FCB7B01C0 /* libPods-IbtikarProject.a in Frameworks */,
			);
			runOnlyForDeploymentPostprocessing = 0;
		};
		84D11CBA231D182C00A1FE88 /* Frameworks */ = {
			isa = PBXFrameworksBuildPhase;
			buildActionMask = 2147483647;
			files = (
				BF6A5EF379A2B062C496D826 /* libPods-IbtikarProjectTests.a in Frameworks */,
			);
			runOnlyForDeploymentPostprocessing = 0;
		};
		84D11CC5231D182C00A1FE88 /* Frameworks */ = {
			isa = PBXFrameworksBuildPhase;
			buildActionMask = 2147483647;
			files = (
				9CC391028BE13AA73E206A40 /* libPods-IbtikarProjectUITests.a in Frameworks */,
			);
			runOnlyForDeploymentPostprocessing = 0;
		};
/* End PBXFrameworksBuildPhase section */

/* Begin PBXGroup section */
		84D11CA0231D181F00A1FE88 = {
			isa = PBXGroup;
			children = (
				CEF2A52C234E014800E2A089 /* Default-568h@2x.png */,
				84D11CAB231D181F00A1FE88 /* IbtikarProject */,
				84D11CC0231D182C00A1FE88 /* IbtikarProjectTests */,
				84D11CCB231D182C00A1FE88 /* IbtikarProjectUITests */,
				84D11CAA231D181F00A1FE88 /* Products */,
				B75D5BAF407500847DE2945D /* Pods */,
				B90C5678222FAA1332B8B1FB /* Frameworks */,
			);
			sourceTree = "<group>";
		};
		84D11CAA231D181F00A1FE88 /* Products */ = {
			isa = PBXGroup;
			children = (
				84D11CA9231D181F00A1FE88 /* IbtikarProject.app */,
				84D11CBD231D182C00A1FE88 /* IbtikarProjectTests.xctest */,
				84D11CC8231D182C00A1FE88 /* IbtikarProjectUITests.xctest */,
			);
			name = Products;
			sourceTree = "<group>";
		};
		84D11CAB231D181F00A1FE88 /* IbtikarProject */ = {
			isa = PBXGroup;
			children = (
				CE1AFB1B23532D84003D0170 /* Upload Image Screen */,
				CE158C0E232F7D41008E2047 /* Home Screen */,
				CE158C0F232F7D67008E2047 /* Details Screen */,
				CE2097DA2328DC2E00748635 /* Show Image Screen */,
				CE71417F2327FE8C004D3A46 /* Model */,
				840B5BA9231E848000EF440C /* avatar.png */,
				84D11CAC231D181F00A1FE88 /* AppDelegate.swift */,
				84D11CB0231D181F00A1FE88 /* Main.storyboard */,
				84D11CB3231D182C00A1FE88 /* Assets.xcassets */,
				84D11CB5231D182C00A1FE88 /* LaunchScreen.storyboard */,
				84D11CB8231D182C00A1FE88 /* Info.plist */,
			);
			path = IbtikarProject;
			sourceTree = "<group>";
		};
		84D11CC0231D182C00A1FE88 /* IbtikarProjectTests */ = {
			isa = PBXGroup;
			children = (
				CE2D18F7233B767A00375B07 /* HomeScreenModelTest.swift */,
				CE0730B12338FE2600FBDC56 /* actorData.json */,
				84D11CC1231D182C00A1FE88 /* IbtikarProjectTests.swift */,
				84D11CC3231D182C00A1FE88 /* Info.plist */,
			);
			path = IbtikarProjectTests;
			sourceTree = "<group>";
		};
		84D11CCB231D182C00A1FE88 /* IbtikarProjectUITests */ = {
			isa = PBXGroup;
			children = (
				84D11CCC231D182C00A1FE88 /* IbtikarProjectUITests.swift */,
				84D11CCE231D182C00A1FE88 /* Info.plist */,
			);
			path = IbtikarProjectUITests;
			sourceTree = "<group>";
		};
		B75D5BAF407500847DE2945D /* Pods */ = {
			isa = PBXGroup;
			children = (
				953812C6019074F8A882B4AF /* Pods-IbtikarProject.debug.xcconfig */,
				09F52CFC070E2257EBEB98D7 /* Pods-IbtikarProject.release.xcconfig */,
				69F5A0D88BCED3A79F411264 /* Pods-IbtikarProjectTests.debug.xcconfig */,
				EBD6E3896928BAAFDF018953 /* Pods-IbtikarProjectTests.release.xcconfig */,
				3D17176C3349792A2179ABB3 /* Pods-IbtikarProjectUITests.debug.xcconfig */,
				E30804B3F0BF172115F3CB0C /* Pods-IbtikarProjectUITests.release.xcconfig */,
			);
			path = Pods;
			sourceTree = "<group>";
		};
		B90C5678222FAA1332B8B1FB /* Frameworks */ = {
			isa = PBXGroup;
			children = (
				CF7EDE793A34D73D12DD145D /* libPods-IbtikarProject.a */,
				ED796F7ECFCDD7B524E23D39 /* libPods-IbtikarProjectTests.a */,
				A0CCC6FC40A6E384B0E71A08 /* libPods-IbtikarProjectUITests.a */,
			);
			name = Frameworks;
			sourceTree = "<group>";
		};
		CE158C0E232F7D41008E2047 /* Home Screen */ = {
			isa = PBXGroup;
			children = (
				84D11CDA231D1E3B00A1FE88 /* HomeScreenView.swift */,
				CE7141802327FEF7004D3A46 /* HomeScreenModel.swift */,
				CE158C10232F81A6008E2047 /* HomeScreenPresenter.swift */,
				CE158C12232F81B7008E2047 /* HomeScreenContract.swift */,
				CE0D466B2331318900772E84 /* HomeScreenCell.swift */,
			);
			path = "Home Screen";
			sourceTree = "<group>";
		};
		CE158C0F232F7D67008E2047 /* Details Screen */ = {
			isa = PBXGroup;
			children = (
				842CE272231E9F250049E48A /* DetailsScreenView.swift */,
				CE209823232E7E0200748635 /* DetailsScreenModel.swift */,
				CE9CD881232FC07400BA7BCA /* DetailsScreenPresenter.swift */,
				CE9CD883232FC08300BA7BCA /* DetailsScreenContract.swift */,
				CE06C14E23322A8600A72B8C /* SubCell.swift */,
				CE06C15023322A9F00A72B8C /* MainCell.swift */,
				CEF2A52E234E0B1A00E2A089 /* DetailsTarget.swift */,
			);
			path = "Details Screen";
			sourceTree = "<group>";
		};
		CE1AFB1B23532D84003D0170 /* Upload Image Screen */ = {
			isa = PBXGroup;
			children = (
				CE1AFB1C23532E52003D0170 /* UploaedImageViewController.swift */,
			);
			path = "Upload Image Screen";
			sourceTree = "<group>";
		};
		CE2097DA2328DC2E00748635 /* Show Image Screen */ = {
			isa = PBXGroup;
			children = (
				CE9CD889232FFD1C00BA7BCA /* ShowImageScreenView.swift */,
				CE9CD88D232FFD9F00BA7BCA /* ShowImageScreenModel.swift */,
				CE9CD88F232FFDF000BA7BCA /* ShowImageScreenPresenter.swift */,
				CE9CD891232FFDFE00BA7BCA /* ShowImageScreenContract.swift */,
			);
			path = "Show Image Screen";
			sourceTree = "<group>";
		};
		CE71417F2327FE8C004D3A46 /* Model */ = {
			isa = PBXGroup;
			children = (
				CEF2A530234E250000E2A089 /* Actor.swift */,
				CE2704A9234F37EA00D40155 /* ActorProfile.swift */,
			);
			path = Model;
			sourceTree = "<group>";
		};
/* End PBXGroup section */

/* Begin PBXNativeTarget section */
		84D11CA8231D181F00A1FE88 /* IbtikarProject */ = {
			isa = PBXNativeTarget;
			buildConfigurationList = 84D11CD1231D182C00A1FE88 /* Build configuration list for PBXNativeTarget "IbtikarProject" */;
			buildPhases = (
				FEDCC0314295D2BD1348A50B /* [CP] Check Pods Manifest.lock */,
				84D11CA5231D181F00A1FE88 /* Sources */,
				84D11CA6231D181F00A1FE88 /* Frameworks */,
				84D11CA7231D181F00A1FE88 /* Resources */,
			);
			buildRules = (
			);
			dependencies = (
			);
			name = IbtikarProject;
			productName = IbtikarProject;
			productReference = 84D11CA9231D181F00A1FE88 /* IbtikarProject.app */;
			productType = "com.apple.product-type.application";
		};
		84D11CBC231D182C00A1FE88 /* IbtikarProjectTests */ = {
			isa = PBXNativeTarget;
			buildConfigurationList = 84D11CD4231D182C00A1FE88 /* Build configuration list for PBXNativeTarget "IbtikarProjectTests" */;
			buildPhases = (
				0A39D06747A4BE79589C92FB /* [CP] Check Pods Manifest.lock */,
				84D11CB9231D182C00A1FE88 /* Sources */,
				84D11CBA231D182C00A1FE88 /* Frameworks */,
				84D11CBB231D182C00A1FE88 /* Resources */,
			);
			buildRules = (
			);
			dependencies = (
				84D11CBF231D182C00A1FE88 /* PBXTargetDependency */,
			);
			name = IbtikarProjectTests;
			productName = IbtikarProjectTests;
			productReference = 84D11CBD231D182C00A1FE88 /* IbtikarProjectTests.xctest */;
			productType = "com.apple.product-type.bundle.unit-test";
		};
		84D11CC7231D182C00A1FE88 /* IbtikarProjectUITests */ = {
			isa = PBXNativeTarget;
			buildConfigurationList = 84D11CD7231D182C00A1FE88 /* Build configuration list for PBXNativeTarget "IbtikarProjectUITests" */;
			buildPhases = (
				1928533DB48C6175424F4D93 /* [CP] Check Pods Manifest.lock */,
				84D11CC4231D182C00A1FE88 /* Sources */,
				84D11CC5231D182C00A1FE88 /* Frameworks */,
				84D11CC6231D182C00A1FE88 /* Resources */,
			);
			buildRules = (
			);
			dependencies = (
				84D11CCA231D182C00A1FE88 /* PBXTargetDependency */,
			);
			name = IbtikarProjectUITests;
			productName = IbtikarProjectUITests;
			productReference = 84D11CC8231D182C00A1FE88 /* IbtikarProjectUITests.xctest */;
			productType = "com.apple.product-type.bundle.ui-testing";
		};
/* End PBXNativeTarget section */

/* Begin PBXProject section */
		84D11CA1231D181F00A1FE88 /* Project object */ = {
			isa = PBXProject;
			attributes = {
				LastSwiftUpdateCheck = 1020;
				LastUpgradeCheck = 1020;
				ORGANIZATIONNAME = "Samira Marassy";
				TargetAttributes = {
					84D11CA8231D181F00A1FE88 = {
						CreatedOnToolsVersion = 10.2;
					};
					84D11CBC231D182C00A1FE88 = {
						CreatedOnToolsVersion = 10.2;
						TestTargetID = 84D11CA8231D181F00A1FE88;
					};
					84D11CC7231D182C00A1FE88 = {
						CreatedOnToolsVersion = 10.2;
						TestTargetID = 84D11CA8231D181F00A1FE88;
					};
				};
			};
			buildConfigurationList = 84D11CA4231D181F00A1FE88 /* Build configuration list for PBXProject "IbtikarProject" */;
			compatibilityVersion = "Xcode 9.3";
			developmentRegion = en;
			hasScannedForEncodings = 0;
			knownRegions = (
				en,
				Base,
			);
			mainGroup = 84D11CA0231D181F00A1FE88;
			productRefGroup = 84D11CAA231D181F00A1FE88 /* Products */;
			projectDirPath = "";
			projectRoot = "";
			targets = (
				84D11CA8231D181F00A1FE88 /* IbtikarProject */,
				84D11CBC231D182C00A1FE88 /* IbtikarProjectTests */,
				84D11CC7231D182C00A1FE88 /* IbtikarProjectUITests */,
			);
		};
/* End PBXProject section */

/* Begin PBXResourcesBuildPhase section */
		84D11CA7231D181F00A1FE88 /* Resources */ = {
			isa = PBXResourcesBuildPhase;
			buildActionMask = 2147483647;
			files = (
				840B5BAA231E848100EF440C /* avatar.png in Resources */,
				84D11CB7231D182C00A1FE88 /* LaunchScreen.storyboard in Resources */,
				84D11CB4231D182C00A1FE88 /* Assets.xcassets in Resources */,
				CEF2A52D234E014800E2A089 /* Default-568h@2x.png in Resources */,
				84D11CB2231D181F00A1FE88 /* Main.storyboard in Resources */,
			);
			runOnlyForDeploymentPostprocessing = 0;
		};
		84D11CBB231D182C00A1FE88 /* Resources */ = {
			isa = PBXResourcesBuildPhase;
			buildActionMask = 2147483647;
			files = (
				CE0730B22338FE2600FBDC56 /* actorData.json in Resources */,
			);
			runOnlyForDeploymentPostprocessing = 0;
		};
		84D11CC6231D182C00A1FE88 /* Resources */ = {
			isa = PBXResourcesBuildPhase;
			buildActionMask = 2147483647;
			files = (
			);
			runOnlyForDeploymentPostprocessing = 0;
		};
/* End PBXResourcesBuildPhase section */

/* Begin PBXShellScriptBuildPhase section */
		0A39D06747A4BE79589C92FB /* [CP] Check Pods Manifest.lock */ = {
			isa = PBXShellScriptBuildPhase;
			buildActionMask = 2147483647;
			files = (
			);
			inputFileListPaths = (
			);
			inputPaths = (
				"${PODS_PODFILE_DIR_PATH}/Podfile.lock",
				"${PODS_ROOT}/Manifest.lock",
			);
			name = "[CP] Check Pods Manifest.lock";
			outputFileListPaths = (
			);
			outputPaths = (
				"$(DERIVED_FILE_DIR)/Pods-IbtikarProjectTests-checkManifestLockResult.txt",
			);
			runOnlyForDeploymentPostprocessing = 0;
			shellPath = /bin/sh;
			shellScript = "diff \"${PODS_PODFILE_DIR_PATH}/Podfile.lock\" \"${PODS_ROOT}/Manifest.lock\" > /dev/null\nif [ $? != 0 ] ; then\n    # print error to STDERR\n    echo \"error: The sandbox is not in sync with the Podfile.lock. Run 'pod install' or update your CocoaPods installation.\" >&2\n    exit 1\nfi\n# This output is used by Xcode 'outputs' to avoid re-running this script phase.\necho \"SUCCESS\" > \"${SCRIPT_OUTPUT_FILE_0}\"\n";
			showEnvVarsInLog = 0;
		};
		1928533DB48C6175424F4D93 /* [CP] Check Pods Manifest.lock */ = {
			isa = PBXShellScriptBuildPhase;
			buildActionMask = 2147483647;
			files = (
			);
			inputFileListPaths = (
			);
			inputPaths = (
				"${PODS_PODFILE_DIR_PATH}/Podfile.lock",
				"${PODS_ROOT}/Manifest.lock",
			);
			name = "[CP] Check Pods Manifest.lock";
			outputFileListPaths = (
			);
			outputPaths = (
				"$(DERIVED_FILE_DIR)/Pods-IbtikarProjectUITests-checkManifestLockResult.txt",
			);
			runOnlyForDeploymentPostprocessing = 0;
			shellPath = /bin/sh;
			shellScript = "diff \"${PODS_PODFILE_DIR_PATH}/Podfile.lock\" \"${PODS_ROOT}/Manifest.lock\" > /dev/null\nif [ $? != 0 ] ; then\n    # print error to STDERR\n    echo \"error: The sandbox is not in sync with the Podfile.lock. Run 'pod install' or update your CocoaPods installation.\" >&2\n    exit 1\nfi\n# This output is used by Xcode 'outputs' to avoid re-running this script phase.\necho \"SUCCESS\" > \"${SCRIPT_OUTPUT_FILE_0}\"\n";
			showEnvVarsInLog = 0;
		};
		FEDCC0314295D2BD1348A50B /* [CP] Check Pods Manifest.lock */ = {
			isa = PBXShellScriptBuildPhase;
			buildActionMask = 2147483647;
			files = (
			);
			inputFileListPaths = (
			);
			inputPaths = (
				"${PODS_PODFILE_DIR_PATH}/Podfile.lock",
				"${PODS_ROOT}/Manifest.lock",
			);
			name = "[CP] Check Pods Manifest.lock";
			outputFileListPaths = (
			);
			outputPaths = (
				"$(DERIVED_FILE_DIR)/Pods-IbtikarProject-checkManifestLockResult.txt",
			);
			runOnlyForDeploymentPostprocessing = 0;
			shellPath = /bin/sh;
			shellScript = "diff \"${PODS_PODFILE_DIR_PATH}/Podfile.lock\" \"${PODS_ROOT}/Manifest.lock\" > /dev/null\nif [ $? != 0 ] ; then\n    # print error to STDERR\n    echo \"error: The sandbox is not in sync with the Podfile.lock. Run 'pod install' or update your CocoaPods installation.\" >&2\n    exit 1\nfi\n# This output is used by Xcode 'outputs' to avoid re-running this script phase.\necho \"SUCCESS\" > \"${SCRIPT_OUTPUT_FILE_0}\"\n";
			showEnvVarsInLog = 0;
		};
/* End PBXShellScriptBuildPhase section */

/* Begin PBXSourcesBuildPhase section */
		84D11CA5231D181F00A1FE88 /* Sources */ = {
			isa = PBXSourcesBuildPhase;
			buildActionMask = 2147483647;
			files = (
				84D11CDB231D1E3B00A1FE88 /* HomeScreenView.swift in Sources */,
				CE9CD884232FC08300BA7BCA /* DetailsScreenContract.swift in Sources */,
				CE1AFB1D23532E52003D0170 /* UploaedImageViewController.swift in Sources */,
				CE06C15123322A9F00A72B8C /* MainCell.swift in Sources */,
				CE06C14F23322A8600A72B8C /* SubCell.swift in Sources */,
				CE9CD88A232FFD1C00BA7BCA /* ShowImageScreenView.swift in Sources */,
				CEF2A531234E250000E2A089 /* Actor.swift in Sources */,
				CE0D466C2331318900772E84 /* HomeScreenCell.swift in Sources */,
				CE9CD890232FFDF000BA7BCA /* ShowImageScreenPresenter.swift in Sources */,
				CE9CD88E232FFD9F00BA7BCA /* ShowImageScreenModel.swift in Sources */,
				CE158C13232F81B7008E2047 /* HomeScreenContract.swift in Sources */,
				CE209824232E7E0200748635 /* DetailsScreenModel.swift in Sources */,
				CE9CD892232FFDFE00BA7BCA /* ShowImageScreenContract.swift in Sources */,
				CE2704AA234F37EA00D40155 /* ActorProfile.swift in Sources */,
				CE9CD882232FC07400BA7BCA /* DetailsScreenPresenter.swift in Sources */,
				84D11CAD231D181F00A1FE88 /* AppDelegate.swift in Sources */,
				CE7141812327FEF7004D3A46 /* HomeScreenModel.swift in Sources */,
				CE158C11232F81A6008E2047 /* HomeScreenPresenter.swift in Sources */,
				842CE273231E9F250049E48A /* DetailsScreenView.swift in Sources */,
				CEF2A52F234E0B1A00E2A089 /* DetailsTarget.swift in Sources */,
			);
			runOnlyForDeploymentPostprocessing = 0;
		};
		84D11CB9231D182C00A1FE88 /* Sources */ = {
			isa = PBXSourcesBuildPhase;
			buildActionMask = 2147483647;
			files = (
				CE2D18F8233B767A00375B07 /* HomeScreenModelTest.swift in Sources */,
				84D11CC2231D182C00A1FE88 /* IbtikarProjectTests.swift in Sources */,
			);
			runOnlyForDeploymentPostprocessing = 0;
		};
		84D11CC4231D182C00A1FE88 /* Sources */ = {
			isa = PBXSourcesBuildPhase;
			buildActionMask = 2147483647;
			files = (
				84D11CCD231D182C00A1FE88 /* IbtikarProjectUITests.swift in Sources */,
			);
			runOnlyForDeploymentPostprocessing = 0;
		};
/* End PBXSourcesBuildPhase section */

/* Begin PBXTargetDependency section */
		84D11CBF231D182C00A1FE88 /* PBXTargetDependency */ = {
			isa = PBXTargetDependency;
			target = 84D11CA8231D181F00A1FE88 /* IbtikarProject */;
			targetProxy = 84D11CBE231D182C00A1FE88 /* PBXContainerItemProxy */;
		};
		84D11CCA231D182C00A1FE88 /* PBXTargetDependency */ = {
			isa = PBXTargetDependency;
			target = 84D11CA8231D181F00A1FE88 /* IbtikarProject */;
			targetProxy = 84D11CC9231D182C00A1FE88 /* PBXContainerItemProxy */;
		};
/* End PBXTargetDependency section */

/* Begin PBXVariantGroup section */
		84D11CB0231D181F00A1FE88 /* Main.storyboard */ = {
			isa = PBXVariantGroup;
			children = (
				84D11CB1231D181F00A1FE88 /* Base */,
			);
			name = Main.storyboard;
			sourceTree = "<group>";
			tabWidth = 3;
		};
		84D11CB5231D182C00A1FE88 /* LaunchScreen.storyboard */ = {
			isa = PBXVariantGroup;
			children = (
				84D11CB6231D182C00A1FE88 /* Base */,
			);
			name = LaunchScreen.storyboard;
			sourceTree = "<group>";
		};
/* End PBXVariantGroup section */

/* Begin XCBuildConfiguration section */
		84D11CCF231D182C00A1FE88 /* Debug */ = {
			isa = XCBuildConfiguration;
			buildSettings = {
				ALWAYS_SEARCH_USER_PATHS = NO;
				CLANG_ANALYZER_NONNULL = YES;
				CLANG_ANALYZER_NUMBER_OBJECT_CONVERSION = YES_AGGRESSIVE;
				CLANG_CXX_LANGUAGE_STANDARD = "gnu++14";
				CLANG_CXX_LIBRARY = "libc++";
				CLANG_ENABLE_MODULES = YES;
				CLANG_ENABLE_OBJC_ARC = YES;
				CLANG_ENABLE_OBJC_WEAK = YES;
				CLANG_WARN_BLOCK_CAPTURE_AUTORELEASING = YES;
				CLANG_WARN_BOOL_CONVERSION = YES;
				CLANG_WARN_COMMA = YES;
				CLANG_WARN_CONSTANT_CONVERSION = YES;
				CLANG_WARN_DEPRECATED_OBJC_IMPLEMENTATIONS = YES;
				CLANG_WARN_DIRECT_OBJC_ISA_USAGE = YES_ERROR;
				CLANG_WARN_DOCUMENTATION_COMMENTS = YES;
				CLANG_WARN_EMPTY_BODY = YES;
				CLANG_WARN_ENUM_CONVERSION = YES;
				CLANG_WARN_INFINITE_RECURSION = YES;
				CLANG_WARN_INT_CONVERSION = YES;
				CLANG_WARN_NON_LITERAL_NULL_CONVERSION = YES;
				CLANG_WARN_OBJC_IMPLICIT_RETAIN_SELF = YES;
				CLANG_WARN_OBJC_LITERAL_CONVERSION = YES;
				CLANG_WARN_OBJC_ROOT_CLASS = YES_ERROR;
				CLANG_WARN_RANGE_LOOP_ANALYSIS = YES;
				CLANG_WARN_STRICT_PROTOTYPES = YES;
				CLANG_WARN_SUSPICIOUS_MOVE = YES;
				CLANG_WARN_UNGUARDED_AVAILABILITY = YES_AGGRESSIVE;
				CLANG_WARN_UNREACHABLE_CODE = YES;
				CLANG_WARN__DUPLICATE_METHOD_MATCH = YES;
				CODE_SIGN_IDENTITY = "iPhone Developer";
				COPY_PHASE_STRIP = NO;
				DEBUG_INFORMATION_FORMAT = dwarf;
				ENABLE_STRICT_OBJC_MSGSEND = YES;
				ENABLE_TESTABILITY = YES;
				GCC_C_LANGUAGE_STANDARD = gnu11;
				GCC_DYNAMIC_NO_PIC = NO;
				GCC_NO_COMMON_BLOCKS = YES;
				GCC_OPTIMIZATION_LEVEL = 0;
				GCC_PREPROCESSOR_DEFINITIONS = (
					"DEBUG=1",
					"$(inherited)",
				);
				GCC_WARN_64_TO_32_BIT_CONVERSION = YES;
				GCC_WARN_ABOUT_RETURN_TYPE = YES_ERROR;
				GCC_WARN_UNDECLARED_SELECTOR = YES;
				GCC_WARN_UNINITIALIZED_AUTOS = YES_AGGRESSIVE;
				GCC_WARN_UNUSED_FUNCTION = YES;
				GCC_WARN_UNUSED_VARIABLE = YES;
				IPHONEOS_DEPLOYMENT_TARGET = 12.2;
				MTL_ENABLE_DEBUG_INFO = INCLUDE_SOURCE;
				MTL_FAST_MATH = YES;
				ONLY_ACTIVE_ARCH = YES;
				SDKROOT = iphoneos;
				SWIFT_ACTIVE_COMPILATION_CONDITIONS = DEBUG;
				SWIFT_OPTIMIZATION_LEVEL = "-Onone";
			};
			name = Debug;
		};
		84D11CD0231D182C00A1FE88 /* Release */ = {
			isa = XCBuildConfiguration;
			buildSettings = {
				ALWAYS_SEARCH_USER_PATHS = NO;
				CLANG_ANALYZER_NONNULL = YES;
				CLANG_ANALYZER_NUMBER_OBJECT_CONVERSION = YES_AGGRESSIVE;
				CLANG_CXX_LANGUAGE_STANDARD = "gnu++14";
				CLANG_CXX_LIBRARY = "libc++";
				CLANG_ENABLE_MODULES = YES;
				CLANG_ENABLE_OBJC_ARC = YES;
				CLANG_ENABLE_OBJC_WEAK = YES;
				CLANG_WARN_BLOCK_CAPTURE_AUTORELEASING = YES;
				CLANG_WARN_BOOL_CONVERSION = YES;
				CLANG_WARN_COMMA = YES;
				CLANG_WARN_CONSTANT_CONVERSION = YES;
				CLANG_WARN_DEPRECATED_OBJC_IMPLEMENTATIONS = YES;
				CLANG_WARN_DIRECT_OBJC_ISA_USAGE = YES_ERROR;
				CLANG_WARN_DOCUMENTATION_COMMENTS = YES;
				CLANG_WARN_EMPTY_BODY = YES;
				CLANG_WARN_ENUM_CONVERSION = YES;
				CLANG_WARN_INFINITE_RECURSION = YES;
				CLANG_WARN_INT_CONVERSION = YES;
				CLANG_WARN_NON_LITERAL_NULL_CONVERSION = YES;
				CLANG_WARN_OBJC_IMPLICIT_RETAIN_SELF = YES;
				CLANG_WARN_OBJC_LITERAL_CONVERSION = YES;
				CLANG_WARN_OBJC_ROOT_CLASS = YES_ERROR;
				CLANG_WARN_RANGE_LOOP_ANALYSIS = YES;
				CLANG_WARN_STRICT_PROTOTYPES = YES;
				CLANG_WARN_SUSPICIOUS_MOVE = YES;
				CLANG_WARN_UNGUARDED_AVAILABILITY = YES_AGGRESSIVE;
				CLANG_WARN_UNREACHABLE_CODE = YES;
				CLANG_WARN__DUPLICATE_METHOD_MATCH = YES;
				CODE_SIGN_IDENTITY = "iPhone Developer";
				COPY_PHASE_STRIP = NO;
				DEBUG_INFORMATION_FORMAT = "dwarf-with-dsym";
				ENABLE_NS_ASSERTIONS = NO;
				ENABLE_STRICT_OBJC_MSGSEND = YES;
				GCC_C_LANGUAGE_STANDARD = gnu11;
				GCC_NO_COMMON_BLOCKS = YES;
				GCC_WARN_64_TO_32_BIT_CONVERSION = YES;
				GCC_WARN_ABOUT_RETURN_TYPE = YES_ERROR;
				GCC_WARN_UNDECLARED_SELECTOR = YES;
				GCC_WARN_UNINITIALIZED_AUTOS = YES_AGGRESSIVE;
				GCC_WARN_UNUSED_FUNCTION = YES;
				GCC_WARN_UNUSED_VARIABLE = YES;
				IPHONEOS_DEPLOYMENT_TARGET = 12.2;
				MTL_ENABLE_DEBUG_INFO = NO;
				MTL_FAST_MATH = YES;
				SDKROOT = iphoneos;
				SWIFT_COMPILATION_MODE = wholemodule;
				SWIFT_OPTIMIZATION_LEVEL = "-O";
				VALIDATE_PRODUCT = YES;
			};
			name = Release;
		};
		84D11CD2231D182C00A1FE88 /* Debug */ = {
			isa = XCBuildConfiguration;
			baseConfigurationReference = 953812C6019074F8A882B4AF /* Pods-IbtikarProject.debug.xcconfig */;
			buildSettings = {
				ASSETCATALOG_COMPILER_APPICON_NAME = AppIcon;
				CODE_SIGN_IDENTITY = "iPhone Developer";
				CODE_SIGN_STYLE = Automatic;
				DEVELOPMENT_TEAM = "";
				INFOPLIST_FILE = IbtikarProject/Info.plist;
				IPHONEOS_DEPLOYMENT_TARGET = 12.2;
				LD_RUNPATH_SEARCH_PATHS = (
					"$(inherited)",
					"@executable_path/Frameworks",
				);
				PRODUCT_BUNDLE_IDENTIFIER = Ibtikar.IbtikarProject;
				PRODUCT_NAME = "$(TARGET_NAME)";
				PROVISIONING_PROFILE_SPECIFIER = "";
				SWIFT_VERSION = 5.0;
				TARGETED_DEVICE_FAMILY = 1;
			};
			name = Debug;
		};
		84D11CD3231D182C00A1FE88 /* Release */ = {
			isa = XCBuildConfiguration;
			baseConfigurationReference = 09F52CFC070E2257EBEB98D7 /* Pods-IbtikarProject.release.xcconfig */;
			buildSettings = {
				ASSETCATALOG_COMPILER_APPICON_NAME = AppIcon;
				CODE_SIGN_IDENTITY = "iPhone Developer";
				CODE_SIGN_STYLE = Automatic;
				DEVELOPMENT_TEAM = "";
				INFOPLIST_FILE = IbtikarProject/Info.plist;
				IPHONEOS_DEPLOYMENT_TARGET = 12.2;
				LD_RUNPATH_SEARCH_PATHS = (
					"$(inherited)",
					"@executable_path/Frameworks",
				);
				PRODUCT_BUNDLE_IDENTIFIER = Ibtikar.IbtikarProject;
				PRODUCT_NAME = "$(TARGET_NAME)";
				PROVISIONING_PROFILE_SPECIFIER = "";
				SWIFT_VERSION = 5.0;
				TARGETED_DEVICE_FAMILY = 1;
			};
			name = Release;
		};
		84D11CD5231D182C00A1FE88 /* Debug */ = {
			isa = XCBuildConfiguration;
			baseConfigurationReference = 69F5A0D88BCED3A79F411264 /* Pods-IbtikarProjectTests.debug.xcconfig */;
			buildSettings = {
				ALWAYS_EMBED_SWIFT_STANDARD_LIBRARIES = YES;
				BUNDLE_LOADER = "$(TEST_HOST)";
				CODE_SIGN_STYLE = Automatic;
				INFOPLIST_FILE = IbtikarProjectTests/Info.plist;
				LD_RUNPATH_SEARCH_PATHS = (
					"$(inherited)",
					"@executable_path/Frameworks",
					"@loader_path/Frameworks",
				);
				PRODUCT_BUNDLE_IDENTIFIER = Ibtikar.IbtikarProjectTests;
				PRODUCT_NAME = "$(TARGET_NAME)";
				SWIFT_VERSION = 5.0;
				TARGETED_DEVICE_FAMILY = "1,2";
				TEST_HOST = "$(BUILT_PRODUCTS_DIR)/IbtikarProject.app/IbtikarProject";
			};
			name = Debug;
		};
		84D11CD6231D182C00A1FE88 /* Release */ = {
			isa = XCBuildConfiguration;
			baseConfigurationReference = EBD6E3896928BAAFDF018953 /* Pods-IbtikarProjectTests.release.xcconfig */;
			buildSettings = {
				ALWAYS_EMBED_SWIFT_STANDARD_LIBRARIES = YES;
				BUNDLE_LOADER = "$(TEST_HOST)";
				CODE_SIGN_STYLE = Automatic;
				INFOPLIST_FILE = IbtikarProjectTests/Info.plist;
				LD_RUNPATH_SEARCH_PATHS = (
					"$(inherited)",
					"@executable_path/Frameworks",
					"@loader_path/Frameworks",
				);
				PRODUCT_BUNDLE_IDENTIFIER = Ibtikar.IbtikarProjectTests;
				PRODUCT_NAME = "$(TARGET_NAME)";
				SWIFT_VERSION = 5.0;
				TARGETED_DEVICE_FAMILY = "1,2";
				TEST_HOST = "$(BUILT_PRODUCTS_DIR)/IbtikarProject.app/IbtikarProject";
			};
			name = Release;
		};
		84D11CD8231D182C00A1FE88 /* Debug */ = {
			isa = XCBuildConfiguration;
			baseConfigurationReference = 3D17176C3349792A2179ABB3 /* Pods-IbtikarProjectUITests.debug.xcconfig */;
			buildSettings = {
				ALWAYS_EMBED_SWIFT_STANDARD_LIBRARIES = YES;
				CODE_SIGN_STYLE = Automatic;
				INFOPLIST_FILE = IbtikarProjectUITests/Info.plist;
				LD_RUNPATH_SEARCH_PATHS = (
					"$(inherited)",
					"@executable_path/Frameworks",
					"@loader_path/Frameworks",
				);
				PRODUCT_BUNDLE_IDENTIFIER = Ibtikar.IbtikarProjectUITests;
				PRODUCT_NAME = "$(TARGET_NAME)";
				SWIFT_VERSION = 5.0;
				TARGETED_DEVICE_FAMILY = "1,2";
				TEST_TARGET_NAME = IbtikarProject;
			};
			name = Debug;
		};
		84D11CD9231D182C00A1FE88 /* Release */ = {
			isa = XCBuildConfiguration;
			baseConfigurationReference = E30804B3F0BF172115F3CB0C /* Pods-IbtikarProjectUITests.release.xcconfig */;
			buildSettings = {
				ALWAYS_EMBED_SWIFT_STANDARD_LIBRARIES = YES;
				CODE_SIGN_STYLE = Automatic;
				INFOPLIST_FILE = IbtikarProjectUITests/Info.plist;
				LD_RUNPATH_SEARCH_PATHS = (
					"$(inherited)",
					"@executable_path/Frameworks",
					"@loader_path/Frameworks",
				);
				PRODUCT_BUNDLE_IDENTIFIER = Ibtikar.IbtikarProjectUITests;
				PRODUCT_NAME = "$(TARGET_NAME)";
				SWIFT_VERSION = 5.0;
				TARGETED_DEVICE_FAMILY = "1,2";
				TEST_TARGET_NAME = IbtikarProject;
			};
			name = Release;
		};
/* End XCBuildConfiguration section */

/* Begin XCConfigurationList section */
		84D11CA4231D181F00A1FE88 /* Build configuration list for PBXProject "IbtikarProject" */ = {
			isa = XCConfigurationList;
			buildConfigurations = (
				84D11CCF231D182C00A1FE88 /* Debug */,
				84D11CD0231D182C00A1FE88 /* Release */,
			);
			defaultConfigurationIsVisible = 0;
			defaultConfigurationName = Release;
		};
		84D11CD1231D182C00A1FE88 /* Build configuration list for PBXNativeTarget "IbtikarProject" */ = {
			isa = XCConfigurationList;
			buildConfigurations = (
				84D11CD2231D182C00A1FE88 /* Debug */,
				84D11CD3231D182C00A1FE88 /* Release */,
			);
			defaultConfigurationIsVisible = 0;
			defaultConfigurationName = Release;
		};
		84D11CD4231D182C00A1FE88 /* Build configuration list for PBXNativeTarget "IbtikarProjectTests" */ = {
			isa = XCConfigurationList;
			buildConfigurations = (
				84D11CD5231D182C00A1FE88 /* Debug */,
				84D11CD6231D182C00A1FE88 /* Release */,
			);
			defaultConfigurationIsVisible = 0;
			defaultConfigurationName = Release;
		};
		84D11CD7231D182C00A1FE88 /* Build configuration list for PBXNativeTarget "IbtikarProjectUITests" */ = {
			isa = XCConfigurationList;
			buildConfigurations = (
				84D11CD8231D182C00A1FE88 /* Debug */,
				84D11CD9231D182C00A1FE88 /* Release */,
			);
			defaultConfigurationIsVisible = 0;
			defaultConfigurationName = Release;
		};
/* End XCConfigurationList section */
	};
	rootObject = 84D11CA1231D181F00A1FE88 /* Project object */;
}
